// !$*UTF8*$!
{
	archiveVersion = 1;
	classes = {
	};
	objectVersion = 46;
	objects = {

/* Begin PBXBuildFile section */
		F6FC33DF1B05353D00104E92 /* main.m in Sources */ = {isa = PBXBuildFile; fileRef = F6FC33DE1B05353D00104E92 /* main.m */; };
		F6FC33E21B05353D00104E92 /* AppDelegate.m in Sources */ = {isa = PBXBuildFile; fileRef = F6FC33E11B05353D00104E92 /* AppDelegate.m */; };
		F6FC33E51B05353D00104E92 /* ViewController.m in Sources */ = {isa = PBXBuildFile; fileRef = F6FC33E41B05353D00104E92 /* ViewController.m */; };
		F6FC33E81B05353D00104E92 /* Main.storyboard in Resources */ = {isa = PBXBuildFile; fileRef = F6FC33E61B05353D00104E92 /* Main.storyboard */; };
		F6FC33EA1B05353D00104E92 /* Images.xcassets in Resources */ = {isa = PBXBuildFile; fileRef = F6FC33E91B05353D00104E92 /* Images.xcassets */; };
		F6FC33ED1B05353E00104E92 /* LaunchScreen.xib in Resources */ = {isa = PBXBuildFile; fileRef = F6FC33EB1B05353E00104E92 /* LaunchScreen.xib */; };
		F6FC33F91B05353E00104E92 /* WatchDemoTests.m in Sources */ = {isa = PBXBuildFile; fileRef = F6FC33F81B05353E00104E92 /* WatchDemoTests.m */; };
		F6FC34381B06952200104E92 /* InterfaceController.m in Sources */ = {isa = PBXBuildFile; fileRef = F6FC34371B06952200104E92 /* InterfaceController.m */; };
		F6FC343B1B06952200104E92 /* NotificationController.m in Sources */ = {isa = PBXBuildFile; fileRef = F6FC343A1B06952200104E92 /* NotificationController.m */; };
		F6FC343E1B06952200104E92 /* GlanceController.m in Sources */ = {isa = PBXBuildFile; fileRef = F6FC343D1B06952200104E92 /* GlanceController.m */; };
		F6FC34401B06952200104E92 /* Images.xcassets in Resources */ = {isa = PBXBuildFile; fileRef = F6FC343F1B06952200104E92 /* Images.xcassets */; };
		F6FC34441B06952200104E92 /* WatchDemo WatchKit App.app in Resources */ = {isa = PBXBuildFile; fileRef = F6FC34431B06952200104E92 /* WatchDemo WatchKit App.app */; };
		F6FC344C1B06952200104E92 /* Interface.storyboard in Resources */ = {isa = PBXBuildFile; fileRef = F6FC344A1B06952200104E92 /* Interface.storyboard */; };
		F6FC344E1B06952200104E92 /* Images.xcassets in Resources */ = {isa = PBXBuildFile; fileRef = F6FC344D1B06952200104E92 /* Images.xcassets */; };
		F6FC34511B06952200104E92 /* WatchDemo WatchKit Extension.appex in Embed App Extensions */ = {isa = PBXBuildFile; fileRef = F6FC34311B06952200104E92 /* WatchDemo WatchKit Extension.appex */; settings = {ATTRIBUTES = (RemoveHeadersOnCopy, ); }; };
/* End PBXBuildFile section */

/* Begin PBXContainerItemProxy section */
		F6FC33F31B05353E00104E92 /* PBXContainerItemProxy */ = {
			isa = PBXContainerItemProxy;
			containerPortal = F6FC33D11B05353D00104E92 /* Project object */;
			proxyType = 1;
			remoteGlobalIDString = F6FC33D81B05353D00104E92;
			remoteInfo = WatchDemo;
		};
		F6FC34451B06952200104E92 /* PBXContainerItemProxy */ = {
			isa = PBXContainerItemProxy;
			containerPortal = F6FC33D11B05353D00104E92 /* Project object */;
			proxyType = 1;
			remoteGlobalIDString = F6FC34421B06952200104E92;
			remoteInfo = "WatchDemo WatchKit App";
		};
		F6FC344F1B06952200104E92 /* PBXContainerItemProxy */ = {
			isa = PBXContainerItemProxy;
			containerPortal = F6FC33D11B05353D00104E92 /* Project object */;
			proxyType = 1;
			remoteGlobalIDString = F6FC34301B06952200104E92;
			remoteInfo = "WatchDemo WatchKit Extension";
		};
/* End PBXContainerItemProxy section */

/* Begin PBXCopyFilesBuildPhase section */
		F6FC34581B06952200104E92 /* Embed App Extensions */ = {
			isa = PBXCopyFilesBuildPhase;
			buildActionMask = 2147483647;
			dstPath = "";
			dstSubfolderSpec = 13;
			files = (
				F6FC34511B06952200104E92 /* WatchDemo WatchKit Extension.appex in Embed App Extensions */,
			);
			name = "Embed App Extensions";
			runOnlyForDeploymentPostprocessing = 0;
		};
/* End PBXCopyFilesBuildPhase section */

/* Begin PBXFileReference section */
		F6FC33D91B05353D00104E92 /* WatchDemo.app */ = {isa = PBXFileReference; explicitFileType = wrapper.application; includeInIndex = 0; path = WatchDemo.app; sourceTree = BUILT_PRODUCTS_DIR; };
		F6FC33DD1B05353D00104E92 /* Info.plist */ = {isa = PBXFileReference; lastKnownFileType = text.plist.xml; path = Info.plist; sourceTree = "<group>"; };
		F6FC33DE1B05353D00104E92 /* main.m */ = {isa = PBXFileReference; lastKnownFileType = sourcecode.c.objc; path = main.m; sourceTree = "<group>"; };
		F6FC33E01B05353D00104E92 /* AppDelegate.h */ = {isa = PBXFileReference; lastKnownFileType = sourcecode.c.h; path = AppDelegate.h; sourceTree = "<group>"; };
		F6FC33E11B05353D00104E92 /* AppDelegate.m */ = {isa = PBXFileReference; lastKnownFileType = sourcecode.c.objc; path = AppDelegate.m; sourceTree = "<group>"; };
		F6FC33E31B05353D00104E92 /* ViewController.h */ = {isa = PBXFileReference; lastKnownFileType = sourcecode.c.h; path = ViewController.h; sourceTree = "<group>"; };
		F6FC33E41B05353D00104E92 /* ViewController.m */ = {isa = PBXFileReference; lastKnownFileType = sourcecode.c.objc; path = ViewController.m; sourceTree = "<group>"; };
		F6FC33E71B05353D00104E92 /* Base */ = {isa = PBXFileReference; lastKnownFileType = file.storyboard; name = Base; path = Base.lproj/Main.storyboard; sourceTree = "<group>"; };
		F6FC33E91B05353D00104E92 /* Images.xcassets */ = {isa = PBXFileReference; lastKnownFileType = folder.assetcatalog; path = Images.xcassets; sourceTree = "<group>"; };
		F6FC33EC1B05353E00104E92 /* Base */ = {isa = PBXFileReference; lastKnownFileType = file.xib; name = Base; path = Base.lproj/LaunchScreen.xib; sourceTree = "<group>"; };
		F6FC33F21B05353E00104E92 /* WatchDemoTests.xctest */ = {isa = PBXFileReference; explicitFileType = wrapper.cfbundle; includeInIndex = 0; path = WatchDemoTests.xctest; sourceTree = BUILT_PRODUCTS_DIR; };
		F6FC33F71B05353E00104E92 /* Info.plist */ = {isa = PBXFileReference; lastKnownFileType = text.plist.xml; path = Info.plist; sourceTree = "<group>"; };
		F6FC33F81B05353E00104E92 /* WatchDemoTests.m */ = {isa = PBXFileReference; lastKnownFileType = sourcecode.c.objc; path = WatchDemoTests.m; sourceTree = "<group>"; };
		F6FC34311B06952200104E92 /* WatchDemo WatchKit Extension.appex */ = {isa = PBXFileReference; explicitFileType = "wrapper.app-extension"; includeInIndex = 0; path = "WatchDemo WatchKit Extension.appex"; sourceTree = BUILT_PRODUCTS_DIR; };
		F6FC34341B06952200104E92 /* Info.plist */ = {isa = PBXFileReference; lastKnownFileType = text.plist.xml; path = Info.plist; sourceTree = "<group>"; };
		F6FC34351B06952200104E92 /* PushNotificationPayload.apns */ = {isa = PBXFileReference; lastKnownFileType = text; path = PushNotificationPayload.apns; sourceTree = "<group>"; };
		F6FC34361B06952200104E92 /* InterfaceController.h */ = {isa = PBXFileReference; lastKnownFileType = sourcecode.c.h; path = InterfaceController.h; sourceTree = "<group>"; };
		F6FC34371B06952200104E92 /* InterfaceController.m */ = {isa = PBXFileReference; lastKnownFileType = sourcecode.c.objc; path = InterfaceController.m; sourceTree = "<group>"; };
		F6FC34391B06952200104E92 /* NotificationController.h */ = {isa = PBXFileReference; lastKnownFileType = sourcecode.c.h; path = NotificationController.h; sourceTree = "<group>"; };
		F6FC343A1B06952200104E92 /* NotificationController.m */ = {isa = PBXFileReference; lastKnownFileType = sourcecode.c.objc; path = NotificationController.m; sourceTree = "<group>"; };
		F6FC343C1B06952200104E92 /* GlanceController.h */ = {isa = PBXFileReference; lastKnownFileType = sourcecode.c.h; path = GlanceController.h; sourceTree = "<group>"; };
		F6FC343D1B06952200104E92 /* GlanceController.m */ = {isa = PBXFileReference; lastKnownFileType = sourcecode.c.objc; path = GlanceController.m; sourceTree = "<group>"; };
		F6FC343F1B06952200104E92 /* Images.xcassets */ = {isa = PBXFileReference; lastKnownFileType = folder.assetcatalog; path = Images.xcassets; sourceTree = "<group>"; };
		F6FC34431B06952200104E92 /* WatchDemo WatchKit App.app */ = {isa = PBXFileReference; explicitFileType = wrapper.application; includeInIndex = 0; path = "WatchDemo WatchKit App.app"; sourceTree = BUILT_PRODUCTS_DIR; };
		F6FC34491B06952200104E92 /* Info.plist */ = {isa = PBXFileReference; lastKnownFileType = text.plist.xml; path = Info.plist; sourceTree = "<group>"; };
		F6FC344B1B06952200104E92 /* Base */ = {isa = PBXFileReference; lastKnownFileType = file.storyboard; name = Base; path = Base.lproj/Interface.storyboard; sourceTree = "<group>"; };
		F6FC344D1B06952200104E92 /* Images.xcassets */ = {isa = PBXFileReference; lastKnownFileType = folder.assetcatalog; path = Images.xcassets; sourceTree = "<group>"; };
/* End PBXFileReference section */

/* Begin PBXFrameworksBuildPhase section */
		F6FC33D61B05353D00104E92 /* Frameworks */ = {
			isa = PBXFrameworksBuildPhase;
			buildActionMask = 2147483647;
			files = (
			);
			runOnlyForDeploymentPostprocessing = 0;
		};
		F6FC33EF1B05353E00104E92 /* Frameworks */ = {
			isa = PBXFrameworksBuildPhase;
			buildActionMask = 2147483647;
			files = (
			);
			runOnlyForDeploymentPostprocessing = 0;
		};
		F6FC342E1B06952200104E92 /* Frameworks */ = {
			isa = PBXFrameworksBuildPhase;
			buildActionMask = 2147483647;
			files = (
			);
			runOnlyForDeploymentPostprocessing = 0;
		};
/* End PBXFrameworksBuildPhase section */

/* Begin PBXGroup section */
		F6FC33D01B05353D00104E92 = {
			isa = PBXGroup;
			children = (
				F6FC33DB1B05353D00104E92 /* WatchDemo */,
				F6FC33F51B05353E00104E92 /* WatchDemoTests */,
				F6FC34321B06952200104E92 /* WatchDemo WatchKit Extension */,
				F6FC34471B06952200104E92 /* WatchDemo WatchKit App */,
				F6FC33DA1B05353D00104E92 /* Products */,
			);
			sourceTree = "<group>";
		};
		F6FC33DA1B05353D00104E92 /* Products */ = {
			isa = PBXGroup;
			children = (
				F6FC33D91B05353D00104E92 /* WatchDemo.app */,
				F6FC33F21B05353E00104E92 /* WatchDemoTests.xctest */,
				F6FC34311B06952200104E92 /* WatchDemo WatchKit Extension.appex */,
				F6FC34431B06952200104E92 /* WatchDemo WatchKit App.app */,
			);
			name = Products;
			sourceTree = "<group>";
		};
		F6FC33DB1B05353D00104E92 /* WatchDemo */ = {
			isa = PBXGroup;
			children = (
				F6FC33E01B05353D00104E92 /* AppDelegate.h */,
				F6FC33E11B05353D00104E92 /* AppDelegate.m */,
				F6FC33E31B05353D00104E92 /* ViewController.h */,
				F6FC33E41B05353D00104E92 /* ViewController.m */,
				F6FC33E61B05353D00104E92 /* Main.storyboard */,
				F6FC33E91B05353D00104E92 /* Images.xcassets */,
				F6FC33EB1B05353E00104E92 /* LaunchScreen.xib */,
				F6FC33DC1B05353D00104E92 /* Supporting Files */,
			);
			path = WatchDemo;
			sourceTree = "<group>";
		};
		F6FC33DC1B05353D00104E92 /* Supporting Files */ = {
			isa = PBXGroup;
			children = (
				F6FC33DD1B05353D00104E92 /* Info.plist */,
				F6FC33DE1B05353D00104E92 /* main.m */,
			);
			name = "Supporting Files";
			sourceTree = "<group>";
		};
		F6FC33F51B05353E00104E92 /* WatchDemoTests */ = {
			isa = PBXGroup;
			children = (
				F6FC33F81B05353E00104E92 /* WatchDemoTests.m */,
				F6FC33F61B05353E00104E92 /* Supporting Files */,
			);
			path = WatchDemoTests;
			sourceTree = "<group>";
		};
		F6FC33F61B05353E00104E92 /* Supporting Files */ = {
			isa = PBXGroup;
			children = (
				F6FC33F71B05353E00104E92 /* Info.plist */,
			);
			name = "Supporting Files";
			sourceTree = "<group>";
		};
		F6FC34321B06952200104E92 /* WatchDemo WatchKit Extension */ = {
			isa = PBXGroup;
			children = (
				F6FC34361B06952200104E92 /* InterfaceController.h */,
				F6FC34371B06952200104E92 /* InterfaceController.m */,
				F6FC34391B06952200104E92 /* NotificationController.h */,
				F6FC343A1B06952200104E92 /* NotificationController.m */,
				F6FC343C1B06952200104E92 /* GlanceController.h */,
				F6FC343D1B06952200104E92 /* GlanceController.m */,
				F6FC343F1B06952200104E92 /* Images.xcassets */,
				F6FC34331B06952200104E92 /* Supporting Files */,
			);
			path = "WatchDemo WatchKit Extension";
			sourceTree = "<group>";
		};
		F6FC34331B06952200104E92 /* Supporting Files */ = {
			isa = PBXGroup;
			children = (
				F6FC34341B06952200104E92 /* Info.plist */,
				F6FC34351B06952200104E92 /* PushNotificationPayload.apns */,
			);
			name = "Supporting Files";
			sourceTree = "<group>";
		};
		F6FC34471B06952200104E92 /* WatchDemo WatchKit App */ = {
			isa = PBXGroup;
			children = (
				F6FC344A1B06952200104E92 /* Interface.storyboard */,
				F6FC344D1B06952200104E92 /* Images.xcassets */,
				F6FC34481B06952200104E92 /* Supporting Files */,
			);
			path = "WatchDemo WatchKit App";
			sourceTree = "<group>";
		};
		F6FC34481B06952200104E92 /* Supporting Files */ = {
			isa = PBXGroup;
			children = (
				F6FC34491B06952200104E92 /* Info.plist */,
			);
			name = "Supporting Files";
			sourceTree = "<group>";
		};
/* End PBXGroup section */

/* Begin PBXNativeTarget section */
		F6FC33D81B05353D00104E92 /* WatchDemo */ = {
			isa = PBXNativeTarget;
			buildConfigurationList = F6FC33FC1B05353E00104E92 /* Build configuration list for PBXNativeTarget "WatchDemo" */;
			buildPhases = (
				F6FC33D51B05353D00104E92 /* Sources */,
				F6FC33D61B05353D00104E92 /* Frameworks */,
				F6FC33D71B05353D00104E92 /* Resources */,
				F6FC34581B06952200104E92 /* Embed App Extensions */,
			);
			buildRules = (
			);
			dependencies = (
				F6FC34501B06952200104E92 /* PBXTargetDependency */,
			);
			name = WatchDemo;
			productName = WatchDemo;
			productReference = F6FC33D91B05353D00104E92 /* WatchDemo.app */;
			productType = "com.apple.product-type.application";
		};
		F6FC33F11B05353E00104E92 /* WatchDemoTests */ = {
			isa = PBXNativeTarget;
			buildConfigurationList = F6FC33FF1B05353E00104E92 /* Build configuration list for PBXNativeTarget "WatchDemoTests" */;
			buildPhases = (
				F6FC33EE1B05353E00104E92 /* Sources */,
				F6FC33EF1B05353E00104E92 /* Frameworks */,
				F6FC33F01B05353E00104E92 /* Resources */,
			);
			buildRules = (
			);
			dependencies = (
				F6FC33F41B05353E00104E92 /* PBXTargetDependency */,
			);
			name = WatchDemoTests;
			productName = WatchDemoTests;
			productReference = F6FC33F21B05353E00104E92 /* WatchDemoTests.xctest */;
			productType = "com.apple.product-type.bundle.unit-test";
		};
		F6FC34301B06952200104E92 /* WatchDemo WatchKit Extension */ = {
			isa = PBXNativeTarget;
			buildConfigurationList = F6FC34571B06952200104E92 /* Build configuration list for PBXNativeTarget "WatchDemo WatchKit Extension" */;
			buildPhases = (
				F6FC342D1B06952200104E92 /* Sources */,
				F6FC342E1B06952200104E92 /* Frameworks */,
				F6FC342F1B06952200104E92 /* Resources */,
			);
			buildRules = (
			);
			dependencies = (
				F6FC34461B06952200104E92 /* PBXTargetDependency */,
			);
			name = "WatchDemo WatchKit Extension";
			productName = "WatchDemo WatchKit Extension";
			productReference = F6FC34311B06952200104E92 /* WatchDemo WatchKit Extension.appex */;
			productType = "com.apple.product-type.watchkit-extension";
		};
		F6FC34421B06952200104E92 /* WatchDemo WatchKit App */ = {
			isa = PBXNativeTarget;
			buildConfigurationList = F6FC34561B06952200104E92 /* Build configuration list for PBXNativeTarget "WatchDemo WatchKit App" */;
			buildPhases = (
				F6FC34411B06952200104E92 /* Resources */,
			);
			buildRules = (
			);
			dependencies = (
			);
			name = "WatchDemo WatchKit App";
			productName = "WatchDemo WatchKit App";
			productReference = F6FC34431B06952200104E92 /* WatchDemo WatchKit App.app */;
			productType = "com.apple.product-type.application.watchapp";
		};
/* End PBXNativeTarget section */

/* Begin PBXProject section */
		F6FC33D11B05353D00104E92 /* Project object */ = {
			isa = PBXProject;
			attributes = {
				LastUpgradeCheck = 0630;
				ORGANIZATIONNAME = "McMaster-Carr";
				TargetAttributes = {
					F6FC33D81B05353D00104E92 = {
						CreatedOnToolsVersion = 6.3.1;
					};
					F6FC33F11B05353E00104E92 = {
						CreatedOnToolsVersion = 6.3.1;
						TestTargetID = F6FC33D81B05353D00104E92;
					};
					F6FC34301B06952200104E92 = {
						CreatedOnToolsVersion = 6.3.1;
					};
					F6FC34421B06952200104E92 = {
						CreatedOnToolsVersion = 6.3.1;
					};
				};
			};
			buildConfigurationList = F6FC33D41B05353D00104E92 /* Build configuration list for PBXProject "WatchDemo" */;
			compatibilityVersion = "Xcode 3.2";
			developmentRegion = English;
			hasScannedForEncodings = 0;
			knownRegions = (
				en,
				Base,
			);
			mainGroup = F6FC33D01B05353D00104E92;
			productRefGroup = F6FC33DA1B05353D00104E92 /* Products */;
			projectDirPath = "";
			projectRoot = "";
			targets = (
				F6FC33D81B05353D00104E92 /* WatchDemo */,
				F6FC33F11B05353E00104E92 /* WatchDemoTests */,
				F6FC34301B06952200104E92 /* WatchDemo WatchKit Extension */,
				F6FC34421B06952200104E92 /* WatchDemo WatchKit App */,
			);
		};
/* End PBXProject section */

/* Begin PBXResourcesBuildPhase section */
		F6FC33D71B05353D00104E92 /* Resources */ = {
			isa = PBXResourcesBuildPhase;
			buildActionMask = 2147483647;
			files = (
				F6FC33E81B05353D00104E92 /* Main.storyboard in Resources */,
				F6FC33ED1B05353E00104E92 /* LaunchScreen.xib in Resources */,
				F6FC33EA1B05353D00104E92 /* Images.xcassets in Resources */,
			);
			runOnlyForDeploymentPostprocessing = 0;
		};
		F6FC33F01B05353E00104E92 /* Resources */ = {
			isa = PBXResourcesBuildPhase;
			buildActionMask = 2147483647;
			files = (
			);
			runOnlyForDeploymentPostprocessing = 0;
		};
		F6FC342F1B06952200104E92 /* Resources */ = {
			isa = PBXResourcesBuildPhase;
			buildActionMask = 2147483647;
			files = (
				F6FC34401B06952200104E92 /* Images.xcassets in Resources */,
				F6FC34441B06952200104E92 /* WatchDemo WatchKit App.app in Resources */,
			);
			runOnlyForDeploymentPostprocessing = 0;
		};
		F6FC34411B06952200104E92 /* Resources */ = {
			isa = PBXResourcesBuildPhase;
			buildActionMask = 2147483647;
			files = (
				F6FC344C1B06952200104E92 /* Interface.storyboard in Resources */,
				F6FC344E1B06952200104E92 /* Images.xcassets in Resources */,
			);
			runOnlyForDeploymentPostprocessing = 0;
		};
/* End PBXResourcesBuildPhase section */

/* Begin PBXSourcesBuildPhase section */
		F6FC33D51B05353D00104E92 /* Sources */ = {
			isa = PBXSourcesBuildPhase;
			buildActionMask = 2147483647;
			files = (
				F6FC33E51B05353D00104E92 /* ViewController.m in Sources */,
				F6FC33E21B05353D00104E92 /* AppDelegate.m in Sources */,
				F6FC33DF1B05353D00104E92 /* main.m in Sources */,
			);
			runOnlyForDeploymentPostprocessing = 0;
		};
		F6FC33EE1B05353E00104E92 /* Sources */ = {
			isa = PBXSourcesBuildPhase;
			buildActionMask = 2147483647;
			files = (
				F6FC33F91B05353E00104E92 /* WatchDemoTests.m in Sources */,
			);
			runOnlyForDeploymentPostprocessing = 0;
		};
		F6FC342D1B06952200104E92 /* Sources */ = {
			isa = PBXSourcesBuildPhase;
			buildActionMask = 2147483647;
			files = (
				F6FC343B1B06952200104E92 /* NotificationController.m in Sources */,
				F6FC34381B06952200104E92 /* InterfaceController.m in Sources */,
				F6FC343E1B06952200104E92 /* GlanceController.m in Sources */,
			);
			runOnlyForDeploymentPostprocessing = 0;
		};
/* End PBXSourcesBuildPhase section */

/* Begin PBXTargetDependency section */
		F6FC33F41B05353E00104E92 /* PBXTargetDependency */ = {
			isa = PBXTargetDependency;
			target = F6FC33D81B05353D00104E92 /* WatchDemo */;
			targetProxy = F6FC33F31B05353E00104E92 /* PBXContainerItemProxy */;
		};
		F6FC34461B06952200104E92 /* PBXTargetDependency */ = {
			isa = PBXTargetDependency;
			target = F6FC34421B06952200104E92 /* WatchDemo WatchKit App */;
			targetProxy = F6FC34451B06952200104E92 /* PBXContainerItemProxy */;
		};
		F6FC34501B06952200104E92 /* PBXTargetDependency */ = {
			isa = PBXTargetDependency;
			target = F6FC34301B06952200104E92 /* WatchDemo WatchKit Extension */;
			targetProxy = F6FC344F1B06952200104E92 /* PBXContainerItemProxy */;
		};
/* End PBXTargetDependency section */

/* Begin PBXVariantGroup section */
		F6FC33E61B05353D00104E92 /* Main.storyboard */ = {
			isa = PBXVariantGroup;
			children = (
				F6FC33E71B05353D00104E92 /* Base */,
			);
			name = Main.storyboard;
			sourceTree = "<group>";
		};
		F6FC33EB1B05353E00104E92 /* LaunchScreen.xib */ = {
			isa = PBXVariantGroup;
			children = (
				F6FC33EC1B05353E00104E92 /* Base */,
			);
			name = LaunchScreen.xib;
			sourceTree = "<group>";
		};
		F6FC344A1B06952200104E92 /* Interface.storyboard */ = {
			isa = PBXVariantGroup;
			children = (
				F6FC344B1B06952200104E92 /* Base */,
			);
			name = Interface.storyboard;
			sourceTree = "<group>";
		};
/* End PBXVariantGroup section */

/* Begin XCBuildConfiguration section */
		F6FC33FA1B05353E00104E92 /* Debug */ = {
			isa = XCBuildConfiguration;
			buildSettings = {
				ALWAYS_SEARCH_USER_PATHS = NO;
				CLANG_CXX_LANGUAGE_STANDARD = "gnu++0x";
				CLANG_CXX_LIBRARY = "libc++";
				CLANG_ENABLE_MODULES = YES;
				CLANG_ENABLE_OBJC_ARC = YES;
				CLANG_WARN_BOOL_CONVERSION = YES;
				CLANG_WARN_CONSTANT_CONVERSION = YES;
				CLANG_WARN_DIRECT_OBJC_ISA_USAGE = YES_ERROR;
				CLANG_WARN_EMPTY_BODY = YES;
				CLANG_WARN_ENUM_CONVERSION = YES;
				CLANG_WARN_INT_CONVERSION = YES;
				CLANG_WARN_OBJC_ROOT_CLASS = YES_ERROR;
				CLANG_WARN_UNREACHABLE_CODE = YES;
				CLANG_WARN__DUPLICATE_METHOD_MATCH = YES;
				"CODE_SIGN_IDENTITY[sdk=iphoneos*]" = "iPhone Developer";
				COPY_PHASE_STRIP = NO;
				DEBUG_INFORMATION_FORMAT = "dwarf-with-dsym";
				ENABLE_STRICT_OBJC_MSGSEND = YES;
				GCC_C_LANGUAGE_STANDARD = gnu99;
				GCC_DYNAMIC_NO_PIC = NO;
				GCC_NO_COMMON_BLOCKS = YES;
				GCC_OPTIMIZATION_LEVEL = 0;
				GCC_PREPROCESSOR_DEFINITIONS = (
					"DEBUG=1",
					"$(inherited)",
				);
				GCC_SYMBOLS_PRIVATE_EXTERN = NO;
				GCC_WARN_64_TO_32_BIT_CONVERSION = YES;
				GCC_WARN_ABOUT_RETURN_TYPE = YES_ERROR;
				GCC_WARN_UNDECLARED_SELECTOR = YES;
				GCC_WARN_UNINITIALIZED_AUTOS = YES_AGGRESSIVE;
				GCC_WARN_UNUSED_FUNCTION = YES;
				GCC_WARN_UNUSED_VARIABLE = YES;
				IPHONEOS_DEPLOYMENT_TARGET = 8.3;
				MTL_ENABLE_DEBUG_INFO = YES;
				ONLY_ACTIVE_ARCH = YES;
				SDKROOT = iphoneos;
			};
			name = Debug;
		};
		F6FC33FB1B05353E00104E92 /* Release */ = {
			isa = XCBuildConfiguration;
			buildSettings = {
				ALWAYS_SEARCH_USER_PATHS = NO;
				CLANG_CXX_LANGUAGE_STANDARD = "gnu++0x";
				CLANG_CXX_LIBRARY = "libc++";
				CLANG_ENABLE_MODULES = YES;
				CLANG_ENABLE_OBJC_ARC = YES;
				CLANG_WARN_BOOL_CONVERSION = YES;
				CLANG_WARN_CONSTANT_CONVERSION = YES;
				CLANG_WARN_DIRECT_OBJC_ISA_USAGE = YES_ERROR;
				CLANG_WARN_EMPTY_BODY = YES;
				CLANG_WARN_ENUM_CONVERSION = YES;
				CLANG_WARN_INT_CONVERSION = YES;
				CLANG_WARN_OBJC_ROOT_CLASS = YES_ERROR;
				CLANG_WARN_UNREACHABLE_CODE = YES;
				CLANG_WARN__DUPLICATE_METHOD_MATCH = YES;
				"CODE_SIGN_IDENTITY[sdk=iphoneos*]" = "iPhone Developer";
				COPY_PHASE_STRIP = NO;
				DEBUG_INFORMATION_FORMAT = "dwarf-with-dsym";
				ENABLE_NS_ASSERTIONS = NO;
				ENABLE_STRICT_OBJC_MSGSEND = YES;
				GCC_C_LANGUAGE_STANDARD = gnu99;
				GCC_NO_COMMON_BLOCKS = YES;
				GCC_WARN_64_TO_32_BIT_CONVERSION = YES;
				GCC_WARN_ABOUT_RETURN_TYPE = YES_ERROR;
				GCC_WARN_UNDECLARED_SELECTOR = YES;
				GCC_WARN_UNINITIALIZED_AUTOS = YES_AGGRESSIVE;
				GCC_WARN_UNUSED_FUNCTION = YES;
				GCC_WARN_UNUSED_VARIABLE = YES;
				IPHONEOS_DEPLOYMENT_TARGET = 8.3;
				MTL_ENABLE_DEBUG_INFO = NO;
				SDKROOT = iphoneos;
				VALIDATE_PRODUCT = YES;
			};
			name = Release;
		};
		F6FC33FD1B05353E00104E92 /* Debug */ = {
			isa = XCBuildConfiguration;
			buildSettings = {
				ASSETCATALOG_COMPILER_APPICON_NAME = AppIcon;
				INFOPLIST_FILE = WatchDemo/Info.plist;
				LD_RUNPATH_SEARCH_PATHS = "$(inherited) @executable_path/Frameworks";
				PRODUCT_NAME = "$(TARGET_NAME)";
			};
			name = Debug;
		};
		F6FC33FE1B05353E00104E92 /* Release */ = {
			isa = XCBuildConfiguration;
			buildSettings = {
				ASSETCATALOG_COMPILER_APPICON_NAME = AppIcon;
				INFOPLIST_FILE = WatchDemo/Info.plist;
				LD_RUNPATH_SEARCH_PATHS = "$(inherited) @executable_path/Frameworks";
				PRODUCT_NAME = "$(TARGET_NAME)";
			};
			name = Release;
		};
		F6FC34001B05353E00104E92 /* Debug */ = {
			isa = XCBuildConfiguration;
			buildSettings = {
				BUNDLE_LOADER = "$(TEST_HOST)";
				FRAMEWORK_SEARCH_PATHS = (
					"$(SDKROOT)/Developer/Library/Frameworks",
					"$(inherited)",
				);
				GCC_PREPROCESSOR_DEFINITIONS = (
					"DEBUG=1",
					"$(inherited)",
				);
				INFOPLIST_FILE = WatchDemoTests/Info.plist;
				LD_RUNPATH_SEARCH_PATHS = "$(inherited) @executable_path/Frameworks @loader_path/Frameworks";
				PRODUCT_NAME = "$(TARGET_NAME)";
				TEST_HOST = "$(BUILT_PRODUCTS_DIR)/WatchDemo.app/WatchDemo";
			};
			name = Debug;
		};
		F6FC34011B05353E00104E92 /* Release */ = {
			isa = XCBuildConfiguration;
			buildSettings = {
				BUNDLE_LOADER = "$(TEST_HOST)";
				FRAMEWORK_SEARCH_PATHS = (
					"$(SDKROOT)/Developer/Library/Frameworks",
					"$(inherited)",
				);
				INFOPLIST_FILE = WatchDemoTests/Info.plist;
				LD_RUNPATH_SEARCH_PATHS = "$(inherited) @executable_path/Frameworks @loader_path/Frameworks";
				PRODUCT_NAME = "$(TARGET_NAME)";
				TEST_HOST = "$(BUILT_PRODUCTS_DIR)/WatchDemo.app/WatchDemo";
			};
			name = Release;
		};
		F6FC34521B06952200104E92 /* Debug */ = {
			isa = XCBuildConfiguration;
			buildSettings = {
				GCC_PREPROCESSOR_DEFINITIONS = (
					"DEBUG=1",
					"$(inherited)",
				);
				INFOPLIST_FILE = "WatchDemo WatchKit Extension/Info.plist";
				LD_RUNPATH_SEARCH_PATHS = "$(inherited) @executable_path/Frameworks @executable_path/../../Frameworks";
				PRODUCT_NAME = "${TARGET_NAME}";
				SKIP_INSTALL = YES;
			};
			name = Debug;
		};
		F6FC34531B06952200104E92 /* Release */ = {
			isa = XCBuildConfiguration;
			buildSettings = {
				INFOPLIST_FILE = "WatchDemo WatchKit Extension/Info.plist";
				LD_RUNPATH_SEARCH_PATHS = "$(inherited) @executable_path/Frameworks @executable_path/../../Frameworks";
				PRODUCT_NAME = "${TARGET_NAME}";
				SKIP_INSTALL = YES;
			};
			name = Release;
		};
		F6FC34541B06952200104E92 /* Debug */ = {
			isa = XCBuildConfiguration;
			buildSettings = {
				ASSETCATALOG_COMPILER_APPICON_NAME = AppIcon;
				GCC_PREPROCESSOR_DEFINITIONS = (
					"DEBUG=1",
					"$(inherited)",
				);
				IBSC_MODULE = WatchDemo_WatchKit_Extension;
				INFOPLIST_FILE = "WatchDemo WatchKit App/Info.plist";
				IPHONEOS_DEPLOYMENT_TARGET = 8.2;
				PRODUCT_NAME = "$(TARGET_NAME)";
				SKIP_INSTALL = YES;
				TARGETED_DEVICE_FAMILY = 4;
				"TARGETED_DEVICE_FAMILY[sdk=iphonesimulator*]" = "1,4";
			};
			name = Debug;
		};
		F6FC34551B06952200104E92 /* Release */ = {
			isa = XCBuildConfiguration;
			buildSettings = {
				ASSETCATALOG_COMPILER_APPICON_NAME = AppIcon;
				IBSC_MODULE = WatchDemo_WatchKit_Extension;
				INFOPLIST_FILE = "WatchDemo WatchKit App/Info.plist";
				IPHONEOS_DEPLOYMENT_TARGET = 8.2;
				PRODUCT_NAME = "$(TARGET_NAME)";
				SKIP_INSTALL = YES;
				TARGETED_DEVICE_FAMILY = 4;
				"TARGETED_DEVICE_FAMILY[sdk=iphonesimulator*]" = "1,4";
			};
			name = Release;
		};
/* End XCBuildConfiguration section */

/* Begin XCConfigurationList section */
		F6FC33D41B05353D00104E92 /* Build configuration list for PBXProject "WatchDemo" */ = {
			isa = XCConfigurationList;
			buildConfigurations = (
				F6FC33FA1B05353E00104E92 /* Debug */,
				F6FC33FB1B05353E00104E92 /* Release */,
			);
			defaultConfigurationIsVisible = 0;
			defaultConfigurationName = Release;
		};
		F6FC33FC1B05353E00104E92 /* Build configuration list for PBXNativeTarget "WatchDemo" */ = {
			isa = XCConfigurationList;
			buildConfigurations = (
				F6FC33FD1B05353E00104E92 /* Debug */,
				F6FC33FE1B05353E00104E92 /* Release */,
			);
			defaultConfigurationIsVisible = 0;
			defaultConfigurationName = Release;
		};
		F6FC33FF1B05353E00104E92 /* Build configuration list for PBXNativeTarget "WatchDemoTests" */ = {
			isa = XCConfigurationList;
			buildConfigurations = (
				F6FC34001B05353E00104E92 /* Debug */,
				F6FC34011B05353E00104E92 /* Release */,
			);
			defaultConfigurationIsVisible = 0;
			defaultConfigurationName = Release;
		};
		F6FC34561B06952200104E92 /* Build configuration list for PBXNativeTarget "WatchDemo WatchKit App" */ = {
			isa = XCConfigurationList;
			buildConfigurations = (
				F6FC34541B06952200104E92 /* Debug */,
				F6FC34551B06952200104E92 /* Release */,
			);
			defaultConfigurationIsVisible = 0;
		};
		F6FC34571B06952200104E92 /* Build configuration list for PBXNativeTarget "WatchDemo WatchKit Extension" */ = {
			isa = XCConfigurationList;
			buildConfigurations = (
				F6FC34521B06952200104E92 /* Debug */,
				F6FC34531B06952200104E92 /* Release */,
			);
			defaultConfigurationIsVisible = 0;
		};
/* End XCConfigurationList section */
	};
	rootObject = F6FC33D11B05353D00104E92 /* Project object */;
}
